
Microsoft Visual Studio Solution File, Format Version 12.00
# Visual Studio Version 17
VisualStudioVersion = 17.0.31903.59
MinimumVisualStudioVersion = 10.0.40219.1
Project("{2150E333-8FDC-42A3-9474-1A3956D46DE8}") = "orchestration", "orchestration", "{6769D8A8-7DDF-9F1A-6194-7060CBC2FEA6}"
EndProject
Project("{FAE04EC0-301F-11D3-BF4B-00C04F79EFBC}") = "HostingQr.AgentContracts", "orchestration\HostingQr.AgentContracts\HostingQr.AgentContracts.csproj", "{3ED83612-F475-42E4-9821-46644BBD62B3}"
EndProject
Project("{FAE04EC0-301F-11D3-BF4B-00C04F79EFBC}") = "HostingQr.Tools", "orchestration\HostingQr.Tools\HostingQr.Tools.csproj", "{2C510256-2810-4686-BD20-22DE2D87D790}"
EndProject
Project("{FAE04EC0-301F-11D3-BF4B-00C04F79EFBC}") = "HostingQr.AgentRuntime", "orchestration\HostingQr.AgentRuntime\HostingQr.AgentRuntime.csproj", "{0CB9DAA6-E4B6-4C0A-9204-839AB388DE2B}"
EndProject
Project("{FAE04EC0-301F-11D3-BF4B-00C04F79EFBC}") = "HostingQr.Orchestrator", "orchestration\HostingQr.Orchestrator\HostingQr.Orchestrator.csproj", "{6BF65B16-B1E3-40B6-985A-FEA9689C49B7}"
EndProject
Project("{FAE04EC0-301F-11D3-BF4B-00C04F79EFBC}") = "HostingQr.Tests", "orchestration\HostingQr.Tests\HostingQr.Tests.csproj", "{AF254B00-D292-44CF-A78B-D6AFFCD2638D}"
EndProject
Global
	GlobalSection(SolutionConfigurationPlatforms) = preSolution
		Debug|Any CPU = Debug|Any CPU
		Debug|x64 = Debug|x64
		Debug|x86 = Debug|x86
		Release|Any CPU = Release|Any CPU
		Release|x64 = Release|x64
		Release|x86 = Release|x86
	EndGlobalSection
	GlobalSection(ProjectConfigurationPlatforms) = postSolution
		{3ED83612-F475-42E4-9821-46644BBD62B3}.Debug|Any CPU.ActiveCfg = Debug|Any CPU
		{3ED83612-F475-42E4-9821-46644BBD62B3}.Debug|Any CPU.Build.0 = Debug|Any CPU
		{3ED83612-F475-42E4-9821-46644BBD62B3}.Debug|x64.ActiveCfg = Debug|Any CPU
		{3ED83612-F475-42E4-9821-46644BBD62B3}.Debug|x64.Build.0 = Debug|Any CPU
		{3ED83612-F475-42E4-9821-46644BBD62B3}.Debug|x86.ActiveCfg = Debug|Any CPU
		{3ED83612-F475-42E4-9821-46644BBD62B3}.Debug|x86.Build.0 = Debug|Any CPU
		{3ED83612-F475-42E4-9821-46644BBD62B3}.Release|Any CPU.ActiveCfg = Release|Any CPU
		{3ED83612-F475-42E4-9821-46644BBD62B3}.Release|Any CPU.Build.0 = Release|Any CPU
		{3ED83612-F475-42E4-9821-46644BBD62B3}.Release|x64.ActiveCfg = Release|Any CPU
		{3ED83612-F475-42E4-9821-46644BBD62B3}.Release|x64.Build.0 = Release|Any CPU
		{3ED83612-F475-42E4-9821-46644BBD62B3}.Release|x86.ActiveCfg = Release|Any CPU
		{3ED83612-F475-42E4-9821-46644BBD62B3}.Release|x86.Build.0 = Release|Any CPU
		{2C510256-2810-4686-BD20-22DE2D87D790}.Debug|Any CPU.ActiveCfg = Debug|Any CPU
		{2C510256-2810-4686-BD20-22DE2D87D790}.Debug|Any CPU.Build.0 = Debug|Any CPU
		{2C510256-2810-4686-BD20-22DE2D87D790}.Debug|x64.ActiveCfg = Debug|Any CPU
		{2C510256-2810-4686-BD20-22DE2D87D790}.Debug|x64.Build.0 = Debug|Any CPU
		{2C510256-2810-4686-BD20-22DE2D87D790}.Debug|x86.ActiveCfg = Debug|Any CPU
		{2C510256-2810-4686-BD20-22DE2D87D790}.Debug|x86.Build.0 = Debug|Any CPU
		{2C510256-2810-4686-BD20-22DE2D87D790}.Release|Any CPU.ActiveCfg = Release|Any CPU
		{2C510256-2810-4686-BD20-22DE2D87D790}.Release|Any CPU.Build.0 = Release|Any CPU
		{2C510256-2810-4686-BD20-22DE2D87D790}.Release|x64.ActiveCfg = Release|Any CPU
		{2C510256-2810-4686-BD20-22DE2D87D790}.Release|x64.Build.0 = Release|Any CPU
		{2C510256-2810-4686-BD20-22DE2D87D790}.Release|x86.ActiveCfg = Release|Any CPU
		{2C510256-2810-4686-BD20-22DE2D87D790}.Release|x86.Build.0 = Release|Any CPU
		{0CB9DAA6-E4B6-4C0A-9204-839AB388DE2B}.Debug|Any CPU.ActiveCfg = Debug|Any CPU
		{0CB9DAA6-E4B6-4C0A-9204-839AB388DE2B}.Debug|Any CPU.Build.0 = Debug|Any CPU
		{0CB9DAA6-E4B6-4C0A-9204-839AB388DE2B}.Debug|x64.ActiveCfg = Debug|Any CPU
		{0CB9DAA6-E4B6-4C0A-9204-839AB388DE2B}.Debug|x64.Build.0 = Debug|Any CPU
		{0CB9DAA6-E4B6-4C0A-9204-839AB388DE2B}.Debug|x86.ActiveCfg = Debug|Any CPU
		{0CB9DAA6-E4B6-4C0A-9204-839AB388DE2B}.Debug|x86.Build.0 = Debug|Any CPU
		{0CB9DAA6-E4B6-4C0A-9204-839AB388DE2B}.Release|Any CPU.ActiveCfg = Release|Any CPU
		{0CB9DAA6-E4B6-4C0A-9204-839AB388DE2B}.Release|Any CPU.Build.0 = Release|Any CPU
		{0CB9DAA6-E4B6-4C0A-9204-839AB388DE2B}.Release|x64.ActiveCfg = Release|Any CPU
		{0CB9DAA6-E4B6-4C0A-9204-839AB388DE2B}.Release|x64.Build.0 = Release|Any CPU
		{0CB9DAA6-E4B6-4C0A-9204-839AB388DE2B}.Release|x86.ActiveCfg = Release|Any CPU
		{0CB9DAA6-E4B6-4C0A-9204-839AB388DE2B}.Release|x86.Build.0 = Release|Any CPU
		{6BF65B16-B1E3-40B6-985A-FEA9689C49B7}.Debug|Any CPU.ActiveCfg = Debug|Any CPU
		{6BF65B16-B1E3-40B6-985A-FEA9689C49B7}.Debug|Any CPU.Build.0 = Debug|Any CPU
		{6BF65B16-B1E3-40B6-985A-FEA9689C49B7}.Debug|x64.ActiveCfg = Debug|Any CPU
		{6BF65B16-B1E3-40B6-985A-FEA9689C49B7}.Debug|x64.Build.0 = Debug|Any CPU
		{6BF65B16-B1E3-40B6-985A-FEA9689C49B7}.Debug|x86.ActiveCfg = Debug|Any CPU
		{6BF65B16-B1E3-40B6-985A-FEA9689C49B7}.Debug|x86.Build.0 = Debug|Any CPU
		{6BF65B16-B1E3-40B6-985A-FEA9689C49B7}.Release|Any CPU.ActiveCfg = Release|Any CPU
		{6BF65B16-B1E3-40B6-985A-FEA9689C49B7}.Release|Any CPU.Build.0 = Release|Any CPU
		{6BF65B16-B1E3-40B6-985A-FEA9689C49B7}.Release|x64.ActiveCfg = Release|Any CPU
		{6BF65B16-B1E3-40B6-985A-FEA9689C49B7}.Release|x64.Build.0 = Release|Any CPU
		{6BF65B16-B1E3-40B6-985A-FEA9689C49B7}.Release|x86.ActiveCfg = Release|Any CPU
		{6BF65B16-B1E3-40B6-985A-FEA9689C49B7}.Release|x86.Build.0 = Release|Any CPU
		{AF254B00-D292-44CF-A78B-D6AFFCD2638D}.Debug|Any CPU.ActiveCfg = Debug|Any CPU
		{AF254B00-D292-44CF-A78B-D6AFFCD2638D}.Debug|Any CPU.Build.0 = Debug|Any CPU
		{AF254B00-D292-44CF-A78B-D6AFFCD2638D}.Debug|x64.ActiveCfg = Debug|Any CPU
		{AF254B00-D292-44CF-A78B-D6AFFCD2638D}.Debug|x64.Build.0 = Debug|Any CPU
		{AF254B00-D292-44CF-A78B-D6AFFCD2638D}.Debug|x86.ActiveCfg = Debug|Any CPU
		{AF254B00-D292-44CF-A78B-D6AFFCD2638D}.Debug|x86.Build.0 = Debug|Any CPU
		{AF254B00-D292-44CF-A78B-D6AFFCD2638D}.Release|Any CPU.ActiveCfg = Release|Any CPU
		{AF254B00-D292-44CF-A78B-D6AFFCD2638D}.Release|Any CPU.Build.0 = Release|Any CPU
		{AF254B00-D292-44CF-A78B-D6AFFCD2638D}.Release|x64.ActiveCfg = Release|Any CPU
		{AF254B00-D292-44CF-A78B-D6AFFCD2638D}.Release|x64.Build.0 = Release|Any CPU
		{AF254B00-D292-44CF-A78B-D6AFFCD2638D}.Release|x86.ActiveCfg = Release|Any CPU
		{AF254B00-D292-44CF-A78B-D6AFFCD2638D}.Release|x86.Build.0 = Release|Any CPU
	EndGlobalSection
	GlobalSection(SolutionProperties) = preSolution
		HideSolutionNode = FALSE
	EndGlobalSection
	GlobalSection(NestedProjects) = preSolution
		{3ED83612-F475-42E4-9821-46644BBD62B3} = {6769D8A8-7DDF-9F1A-6194-7060CBC2FEA6}
		{2C510256-2810-4686-BD20-22DE2D87D790} = {6769D8A8-7DDF-9F1A-6194-7060CBC2FEA6}
		{0CB9DAA6-E4B6-4C0A-9204-839AB388DE2B} = {6769D8A8-7DDF-9F1A-6194-7060CBC2FEA6}
		{6BF65B16-B1E3-40B6-985A-FEA9689C49B7} = {6769D8A8-7DDF-9F1A-6194-7060CBC2FEA6}
		{AF254B00-D292-44CF-A78B-D6AFFCD2638D} = {6769D8A8-7DDF-9F1A-6194-7060CBC2FEA6}
	EndGlobalSection
EndGlobal
